
Microsoft Visual Studio Solution File, Format Version 12.00
# Visual Studio 15
VisualStudioVersion = 15.0.28307.1684
MinimumVisualStudioVersion = 10.0.40219.1
Project("{8BC9CEB8-8B4A-11D0-8D11-00A0C91BC942}") = "2.24", "2.24\2.24.vcxproj", "{A54B5369-84A5-4532-AF33-9F7AC2D34137}"
EndProject
Global
	GlobalSection(SolutionConfigurationPlatforms) = preSolution
		Debug|x64 = Debug|x64
		Debug|x86 = Debug|x86
		Release|x64 = Release|x64
		Release|x86 = Release|x86
	EndGlobalSection
	GlobalSection(ProjectConfigurationPlatforms) = postSolution
		{A54B5369-84A5-4532-AF33-9F7AC2D34137}.Debug|x64.ActiveCfg = Debug|x64
		{A54B5369-84A5-4532-AF33-9F7AC2D34137}.Debug|x64.Build.0 = Debug|x64
		{A54B5369-84A5-4532-AF33-9F7AC2D34137}.Debug|x86.ActiveCfg = Debug|Win32
		{A54B5369-84A5-4532-AF33-9F7AC2D34137}.Debug|x86.Build.0 = Debug|Win32
		{A54B5369-84A5-4532-AF33-9F7AC2D34137}.Release|x64.ActiveCfg = Release|x64
		{A54B5369-84A5-4532-AF33-9F7AC2D34137}.Release|x64.Build.0 = Release|x64
		{A54B5369-84A5-4532-AF33-9F7AC2D34137}.Release|x86.ActiveCfg = Release|Win32
		{A54B5369-84A5-4532-AF33-9F7AC2D34137}.Release|x86.Build.0 = Release|Win32
	EndGlobalSection
	GlobalSection(SolutionProperties) = preSolution
		HideSolutionNode = FALSE
	EndGlobalSection
	GlobalSection(ExtensibilityGlobals) = postSolution
		SolutionGuid = {17D96398-CF2E-425A-A38B-A0D63A7FA0DB}
	EndGlobalSection
EndGlobal
